lockfileVersion: '9.0'

settings:
  autoInstallPeers: true
  excludeLinksFromLockfile: false

importers:

  .:
    dependencies:
      '@swc-node/register':
        specifier: 1.10.9
        version: 1.10.9(@swc/core@1.7.42)(@swc/types@0.1.12)(typescript@5.6.3)
      minio:
        specifier: 8.0.2
        version: 8.0.2

packages:

  '@emnapi/core@1.3.1':
    resolution: {integrity: sha512-pVGjBIt1Y6gg3EJN8jTcfpP/+uuRksIo055oE/OBkDNcjZqVbfkWCksG1Jp4yZnj3iKWyWX8fdG/j6UDYPbFog==}

  '@emnapi/runtime@1.3.1':
    resolution: {integrity: sha512-kEBmG8KyqtxJZv+ygbEim+KCGtIq1fC22Ms3S4ziXmYKm8uyoLX0MHONVKwp+9opg390VaKRNt4a7A9NwmpNhw==}

  '@emnapi/wasi-threads@1.0.1':
    resolution: {integrity: sha512-iIBu7mwkq4UQGeMEM8bLwNK962nXdhodeScX4slfQnRhEMMzvYivHhutCIk8uojvmASXXPC2WNEjwxFWk72Oqw==}

  '@napi-rs/wasm-runtime@0.2.5':
    resolution: {integrity: sha512-kwUxR7J9WLutBbulqg1dfOrMTwhMdXLdcGUhcbCcGwnPLt3gz19uHVdwH1syKVDbE022ZS2vZxOWflFLS0YTjw==}

  '@oxc-resolver/binding-darwin-arm64@1.12.0':
    resolution: {integrity: sha512-wYe+dlF8npM7cwopOOxbdNjtmJp17e/xF5c0K2WooQXy5VOh74icydM33+Uh/SZDgwyum09/U1FVCX5GdeQk+A==}
    cpu: [arm64]
    os: [darwin]

  '@oxc-resolver/binding-darwin-x64@1.12.0':
    resolution: {integrity: sha512-FZxxp99om+SlvBr1cjzF8A3TjYcS0BInCqjUlM+2f9m9bPTR2Bng9Zq5Q09ZQyrKJjfGKqlOEHs3akuVOnrx3Q==}
    cpu: [x64]
    os: [darwin]

  '@oxc-resolver/binding-freebsd-x64@1.12.0':
    resolution: {integrity: sha512-BZi0iU6IEOnXGSkqt1OjTTkN9wfyaK6kTpQwL/axl8eCcNDc7wbv1vloHgILf7ozAY1TP75nsLYlASYI4B5kGA==}
    cpu: [x64]
    os: [freebsd]

  '@oxc-resolver/binding-linux-arm-gnueabihf@1.12.0':
    resolution: {integrity: sha512-L2qnMEnZAqxbG9b1J3di/w/THIm+1fMVfbbTMWIQNMMXdMeqqDN6ojnOLDtuP564rAh4TBFPdLyEfGhMz6ipNA==}
    cpu: [arm]
    os: [linux]

  '@oxc-resolver/binding-linux-arm64-gnu@1.12.0':
    resolution: {integrity: sha512-otVbS4zeo3n71zgGLBYRTriDzc0zpruC0WI3ICwjpIk454cLwGV0yzh4jlGYWQJYJk0BRAmXFd3ooKIF+bKBHw==}
    cpu: [arm64]
    os: [linux]
    libc: [glibc]

  '@oxc-resolver/binding-linux-arm64-musl@1.12.0':
    resolution: {integrity: sha512-IStQDjIT7Lzmqg1i9wXvPL/NsYsxF24WqaQFS8b8rxra+z0VG7saBOsEnOaa4jcEY8MVpLYabFhTV+fSsA2vnA==}
    cpu: [arm64]
    os: [linux]
    libc: [musl]

  '@oxc-resolver/binding-linux-x64-gnu@1.12.0':
    resolution: {integrity: sha512-SipT7EVORz8pOQSFwemOm91TpSiBAGmOjG830/o+aLEsvQ4pEy223+SAnCfITh7+AahldYsJnVoIs519jmIlKQ==}
    cpu: [x64]
    os: [linux]
    libc: [glibc]

  '@oxc-resolver/binding-linux-x64-musl@1.12.0':
    resolution: {integrity: sha512-mGh0XfUzKdn+WFaqPacziNraCWL5znkHRfQVxG9avGS9zb2KC/N1EBbPzFqutDwixGDP54r2gx4q54YCJEZ4iQ==}
    cpu: [x64]
    os: [linux]
    libc: [musl]

  '@oxc-resolver/binding-wasm32-wasi@1.12.0':
    resolution: {integrity: sha512-SZN6v7apKmQf/Vwiqb6e/s3Y2Oacw8uW8V2i1AlxtyaEFvnFE0UBn89zq6swEwE3OCajNWs0yPvgAXUMddYc7Q==}
    engines: {node: '>=14.0.0'}
    cpu: [wasm32]

  '@oxc-resolver/binding-win32-arm64-msvc@1.12.0':
    resolution: {integrity: sha512-GRe4bqCfFsyghruEn5bv47s9w3EWBdO2q72xCz5kpQ0LWbw+enPHtTjw3qX5PUcFYpKykM55FaO0hFDs1yzatw==}
    cpu: [arm64]
    os: [win32]

  '@oxc-resolver/binding-win32-x64-msvc@1.12.0':
    resolution: {integrity: sha512-Z3llHH0jfJP4mlWq3DT7bK6qV+/vYe0+xzCgfc67+Tc/U3eYndujl880bexeGdGNPh87JeYznpZAOJ44N7QVVQ==}
    cpu: [x64]
    os: [win32]

  '@swc-node/core@1.13.3':
    resolution: {integrity: sha512-OGsvXIid2Go21kiNqeTIn79jcaX4l0G93X2rAnas4LFoDyA9wAwVK7xZdm+QsKoMn5Mus2yFLCc4OtX2dD/PWA==}
    engines: {node: '>= 10'}
    peerDependencies:
      '@swc/core': '>= 1.4.13'
      '@swc/types': '>= 0.1'

  '@swc-node/register@1.10.9':
    resolution: {integrity: sha512-iXy2sjP0phPEpK2yivjRC3PAgoLaT4sjSk0LDWCTdcTBJmR4waEog0E6eJbvoOkLkOtWw37SB8vCkl/bbh4+8A==}
    peerDependencies:
      '@swc/core': '>= 1.4.13'
      typescript: '>= 4.3'

  '@swc-node/sourcemap-support@0.5.1':
    resolution: {integrity: sha512-JxIvIo/Hrpv0JCHSyRpetAdQ6lB27oFYhv0PKCNf1g2gUXOjpeR1exrXccRxLMuAV5WAmGFBwRnNOJqN38+qtg==}

  '@swc/core-darwin-arm64@1.7.42':
    resolution: {integrity: sha512-fWhaCs2+8GDRIcjExVDEIfbptVrxDqG8oHkESnXgymmvqTWzWei5SOnPNMS8Q+MYsn/b++Y2bDxkcwmq35Bvxg==}
    engines: {node: '>=10'}
    cpu: [arm64]
    os: [darwin]

  '@swc/core-darwin-x64@1.7.42':
    resolution: {integrity: sha512-ZaVHD2bijrlkCyD7NDzLmSK849Jgcx+6DdL4x1dScoz1slJ8GTvLtEu0JOUaaScQwA+cVlhmrmlmi9ssjbRLGQ==}
    engines: {node: '>=10'}
    cpu: [x64]
    os: [darwin]

  '@swc/core-linux-arm-gnueabihf@1.7.42':
    resolution: {integrity: sha512-iF0BJj7hVTbY/vmbvyzVTh/0W80+Q4fbOYschdUM3Bsud39TA+lSaPOefOHywkNH58EQ1z3EAxYcJOWNES7GFQ==}
    engines: {node: '>=10'}
    cpu: [arm]
    os: [linux]

  '@swc/core-linux-arm64-gnu@1.7.42':
    resolution: {integrity: sha512-xGu8j+DOLYTLkVmsfZPJbNPW1EkiWgSucT0nOlz77bLxImukt/0+HVm2hOwHSKuArQ8C3cjahAMY3b/s4VH2ww==}
    engines: {node: '>=10'}
    cpu: [arm64]
    os: [linux]
    libc: [glibc]

  '@swc/core-linux-arm64-musl@1.7.42':
    resolution: {integrity: sha512-qtW3JNO7i1yHEko59xxz+jY38+tYmB96JGzj6XzygMbYJYZDYbrOpXQvKbMGNG3YeTDan7Fp2jD0dlKf7NgDPA==}
    engines: {node: '>=10'}
    cpu: [arm64]
    os: [linux]
    libc: [musl]

  '@swc/core-linux-x64-gnu@1.7.42':
    resolution: {integrity: sha512-F9WY1TN+hhhtiEzZjRQziNLt36M5YprMeOBHjsLVNqwgflzleSI7ulgnlQECS8c8zESaXj3ksGduAoJYtPC1cA==}
    engines: {node: '>=10'}
    cpu: [x64]
    os: [linux]
    libc: [glibc]

  '@swc/core-linux-x64-musl@1.7.42':
    resolution: {integrity: sha512-7YMdOaYKLMQ8JGfnmRDwidpLFs/6ka+80zekeM0iCVO48yLrJR36G0QGXzMjKsXI0BPhq+mboZRRENK4JfQnEA==}
    engines: {node: '>=10'}
    cpu: [x64]
    os: [linux]
    libc: [musl]

  '@swc/core-win32-arm64-msvc@1.7.42':
    resolution: {integrity: sha512-C5CYWaIZEyqPl5W/EwcJ/mLBJFHVoUEa/IwWi0b4q2fCXcSCktQGwKXOQ+d67GneiZoiq0HasgcdMmMpGS9YRQ==}
    engines: {node: '>=10'}
    cpu: [arm64]
    os: [win32]

  '@swc/core-win32-ia32-msvc@1.7.42':
    resolution: {integrity: sha512-3j47seZ5pO62mbrqvPe1iwhe2BXnM5q7iB+n2xgA38PCGYt0mnaJafqmpCXm/uYZOCMqSNynaoOWCMMZm4sqtA==}
    engines: {node: '>=10'}
    cpu: [ia32]
    os: [win32]

  '@swc/core-win32-x64-msvc@1.7.42':
    resolution: {integrity: sha512-FXl9MdeUogZLGDcLr6QIRdDVkpG0dkN4MLM4dwQ5kcAk+XfKPrQibX6M2kcfhsCx+jtBqtK7hRFReRXPWJZGbA==}
    engines: {node: '>=10'}
    cpu: [x64]
    os: [win32]

  '@swc/core@1.7.42':
    resolution: {integrity: sha512-iQrRk3SKndQZ4ptJv1rzeQSiCYQIhMjiO97QXOlCcCoaazOLKPnLnXzU4Kv0FuBFyYfG2FE94BoR0XI2BN02qw==}
    engines: {node: '>=10'}
    peerDependencies:
      '@swc/helpers': '*'
    peerDependenciesMeta:
      '@swc/helpers':
        optional: true

  '@swc/counter@0.1.3':
    resolution: {integrity: sha512-e2BR4lsJkkRlKZ/qCHPw9ZaSxc0MVUd7gtbtaB7aMvHeJVYe8sOB8DBZkP2DtISHGSku9sCK6T6cnY0CtXrOCQ==}

  '@swc/types@0.1.12':
    resolution: {integrity: sha512-wBJA+SdtkbFhHjTMYH+dEH1y4VpfGdAc2Kw/LK09i9bXd/K6j6PkDcFCEzb6iVfZMkPRrl/q0e3toqTAJdkIVA==}

  '@swc/types@0.1.13':
    resolution: {integrity: sha512-JL7eeCk6zWCbiYQg2xQSdLXQJl8Qoc9rXmG2cEKvHe3CKwMHwHGpfOb8frzNLmbycOo6I51qxnLnn9ESf4I20Q==}

  '@tybys/wasm-util@0.9.0':
    resolution: {integrity: sha512-6+7nlbMVX/PVDCwaIQ8nTOPveOcFLSt8GcXdx8hD0bt39uWxYT88uXzqTd4fTvqta7oeUJqudepapKNt2DYJFw==}

  '@zxing/text-encoding@0.9.0':
    resolution: {integrity: sha512-U/4aVJ2mxI0aDNI8Uq0wEhMgY+u4CNtEb0om3+y3+niDAsoTCOB33UF0sxpzqzdqXLqmvc+vZyAt4O8pPdfkwA==}

  async@3.2.6:
    resolution: {integrity: sha512-htCUDlxyyCLMgaM3xXg0C0LW2xqfuQ6p05pCEIsXuyQ+a1koYKTuBMzRNwmybfLgvJDMd0r1LTn4+E0Ti6C2AA==}

  available-typed-arrays@1.0.7:
    resolution: {integrity: sha512-wvUjBtSGN7+7SjNpq/9M2Tg350UZD3q62IFZLbRAR1bSMlCo1ZaeW+BJ+D090e4hIIZLBcTDWe4Mh4jvUDajzQ==}
    engines: {node: '>= 0.4'}

  block-stream2@2.1.0:
    resolution: {integrity: sha512-suhjmLI57Ewpmq00qaygS8UgEq2ly2PCItenIyhMqVjo4t4pGzqMvfgJuX8iWTeSDdfSSqS6j38fL4ToNL7Pfg==}

  browser-or-node@2.1.1:
    resolution: {integrity: sha512-8CVjaLJGuSKMVTxJ2DpBl5XnlNDiT4cQFeuCJJrvJmts9YrTZDizTX7PjC2s6W4x+MBGZeEY6dGMrF04/6Hgqg==}

  buffer-crc32@1.0.0:
    resolution: {integrity: sha512-Db1SbgBS/fg/392AblrMJk97KggmvYhr4pB5ZIMTWtaivCPMWLkmb7m21cJvpvgK+J3nsU2CmmixNBZx4vFj/w==}
    engines: {node: '>=8.0.0'}

  buffer-from@1.1.2:
    resolution: {integrity: sha512-E+XQCRwSbaaiChtv6k6Dwgc+bx+Bs6vuKJHHl5kox/BaKbhiXzqQOwK4cO22yElGp2OCmjwVhT3HmxgyPGnJfQ==}

  call-bind@1.0.7:
    resolution: {integrity: sha512-GHTSNSYICQ7scH7sZ+M2rFopRoLh8t2bLSW6BbgrtLsahOIB5iyAVJf9GjWK3cYTDaMj4XdBpM1cA6pIS0Kv2w==}
    engines: {node: '>= 0.4'}

  colorette@2.0.20:
    resolution: {integrity: sha512-IfEDxwoWIjkeXL1eXcDiow4UbKjhLdq6/EuSVR9GMN7KVH3r9gQ83e73hsz1Nd1T3ijd5xv1wcWRYO+D6kCI2w==}

  debug@4.3.7:
    resolution: {integrity: sha512-Er2nc/H7RrMXZBFCEim6TCmMk02Z8vLC2Rbi1KEBggpo0fS6l0S1nnapwmIi3yW/+GOJap1Krg4w0Hg80oCqgQ==}
    engines: {node: '>=6.0'}
    peerDependencies:
      supports-color: '*'
    peerDependenciesMeta:
      supports-color:
        optional: true

  decode-uri-component@0.2.2:
    resolution: {integrity: sha512-FqUYQ+8o158GyGTrMFJms9qh3CqTKvAqgqsTnkLI8sKu0028orqBhxNMFkFen0zGyg6epACD32pjVk58ngIErQ==}
    engines: {node: '>=0.10'}

  define-data-property@1.1.4:
    resolution: {integrity: sha512-rBMvIzlpA8v6E+SJZoo++HAYqsLrkg7MSfIinMPFhmkorw7X+dOXVJQs+QT69zGkzMyfDnIMN2Wid1+NbL3T+A==}
    engines: {node: '>= 0.4'}

  es-define-property@1.0.0:
    resolution: {integrity: sha512-jxayLKShrEqqzJ0eumQbVhTYQM27CfT1T35+gCgDFoL82JLsXqTJ76zv6A0YLOgEnLUMvLzsDsGIrl8NFpT2gQ==}
    engines: {node: '>= 0.4'}

  es-errors@1.3.0:
    resolution: {integrity: sha512-Zf5H2Kxt2xjTvbJvP2ZWLEICxA6j+hAmMzIlypy4xcBg1vKVnx89Wy0GbS+kf5cwCVFFzdCFh2XSCFNULS6csw==}
    engines: {node: '>= 0.4'}

  eventemitter3@5.0.1:
    resolution: {integrity: sha512-GWkBvjiSZK87ELrYOSESUYeVIc9mvLLf/nXalMOS5dYrgZq9o5OVkbZAVM06CVxYsCwH9BDZFPlQTlPA1j4ahA==}

  fast-xml-parser@4.5.0:
    resolution: {integrity: sha512-/PlTQCI96+fZMAOLMZK4CWG1ItCbfZ/0jx7UIJFChPNrx7tcEgerUgWbeieCM9MfHInUDyK8DWYZ+YrywDJuTg==}
    hasBin: true

  filter-obj@1.1.0:
    resolution: {integrity: sha512-8rXg1ZnX7xzy2NGDVkBVaAy+lSlPNwad13BtgSlLuxfIslyt5Vg64U7tFcCt4WS1R0hvtnQybT/IyCkGZ3DpXQ==}
    engines: {node: '>=0.10.0'}

  for-each@0.3.3:
    resolution: {integrity: sha512-jqYfLp7mo9vIyQf8ykW2v7A+2N4QjeCeI5+Dz9XraiO1ign81wjiH7Fb9vSOWvQfNtmSa4H2RoQTrrXivdUZmw==}

  function-bind@1.1.2:
    resolution: {integrity: sha512-7XHNxH7qX9xG5mIwxkhumTox/MIRNcOgDrxWsMt2pAr23WHp6MrRlN7FBSFpCpr+oVO0F744iUgR82nJMfG2SA==}

  get-intrinsic@1.2.4:
    resolution: {integrity: sha512-5uYhsJH8VJBTv7oslg4BznJYhDoRI6waYCxMmCdnTrcCrHA/fCFKoTFz2JKKE0HdDFUF7/oQuhzumXJK7paBRQ==}
    engines: {node: '>= 0.4'}

  gopd@1.0.1:
    resolution: {integrity: sha512-d65bNlIadxvpb/A2abVdlqKqV563juRnZ1Wtk6s1sIR8uNsXR70xqIzVqxVf1eTqDunwT2MkczEeaezCKTZhwA==}

  has-property-descriptors@1.0.2:
    resolution: {integrity: sha512-55JNKuIW+vq4Ke1BjOTjM2YctQIvCT7GFzHwmfZPGo5wnrgkid0YQtnAleFSqumZm4az3n2BS+erby5ipJdgrg==}

  has-proto@1.0.3:
    resolution: {integrity: sha512-SJ1amZAJUiZS+PhsVLf5tGydlaVB8EdFpaSO4gmiUKUOxk8qzn5AIy4ZeJUmh22znIdk/uMAUT2pl3FxzVUH+Q==}
    engines: {node: '>= 0.4'}

  has-symbols@1.0.3:
    resolution: {integrity: sha512-l3LCuF6MgDNwTDKkdYGEihYjt5pRPbEg46rtlmnSPlUbgmB8LOIrKJbYYFBSbnPaJexMKtiPO8hmeRjRz2Td+A==}
    engines: {node: '>= 0.4'}

  has-tostringtag@1.0.2:
    resolution: {integrity: sha512-NqADB8VjPFLM2V0VvHUewwwsw0ZWBaIdgo+ieHtK3hasLz4qeCRjYcqfB6AQrBggRKppKF8L52/VqdVsO47Dlw==}
    engines: {node: '>= 0.4'}

  hasown@2.0.2:
    resolution: {integrity: sha512-0hJU9SCPvmMzIBdZFqNPXWa6dqh7WdH0cII9y+CyS8rG3nL48Bclra9HmKhVVUHyPWNH5Y7xDwAB7bfgSjkUMQ==}
    engines: {node: '>= 0.4'}

  inherits@2.0.4:
    resolution: {integrity: sha512-k/vGaX4/Yla3WzyMCvTQOXYeIHvqOKtnqBduzTHpzpQZzAskKMhZ2K+EnBiSM9zGSoIFeMpXKxa4dYeZIQqewQ==}

  ipaddr.js@2.2.0:
    resolution: {integrity: sha512-Ag3wB2o37wslZS19hZqorUnrnzSkpOVy+IiiDEiTqNubEYpYuHWIf6K4psgN2ZWKExS4xhVCrRVfb/wfW8fWJA==}
    engines: {node: '>= 10'}

  is-arguments@1.1.1:
    resolution: {integrity: sha512-8Q7EARjzEnKpt/PCD7e1cgUS0a6X8u5tdSiMqXhojOdoV9TsMsiO+9VLC5vAmO8N7/GmXn7yjR8qnA6bVAEzfA==}
    engines: {node: '>= 0.4'}

  is-callable@1.2.7:
    resolution: {integrity: sha512-1BC0BVFhS/p0qtw6enp8e+8OD0UrK0oFLztSjNzhcKA3WDuJxxAPXzPuPtKkjEY9UUoEWlX/8fgKeu2S8i9JTA==}
    engines: {node: '>= 0.4'}

  is-generator-function@1.0.10:
    resolution: {integrity: sha512-jsEjy9l3yiXEQ+PsXdmBwEPcOxaXWLspKdplFUVI9vq1iZgIekeC0L167qeu86czQaxed3q/Uzuw0swL0irL8A==}
    engines: {node: '>= 0.4'}

  is-typed-array@1.1.13:
    resolution: {integrity: sha512-uZ25/bUAlUY5fR4OKT4rZQEBrzQWYV9ZJYGGsUmEJ6thodVJ1HX64ePQ6Z0qPWP+m+Uq6e9UugrE38jeYsDSMw==}
    engines: {node: '>= 0.4'}

  lodash@4.17.21:
    resolution: {integrity: sha512-v2kDEe57lecTulaDIuNTPy3Ry4gLGJ6Z1O3vE1krgXZNrsQ+LFTGHVxVjcXPs17LhbZVGedAJv8XZ1tvj5FvSg==}

  mime-db@1.52.0:
    resolution: {integrity: sha512-sPU4uV7dYlvtWJxwwxHD0PuihVNiE7TyAbQ5SWxDCB9mUYvOgroQOwYQQOKPJ8CIbE+1ETVlOoK1UC2nU3gYvg==}
    engines: {node: '>= 0.6'}

  mime-types@2.1.35:
    resolution: {integrity: sha512-ZDY+bPm5zTTF+YpCrAU9nK0UgICYPT0QtT1NZWFv4s++TNkcgVaT0g6+4R2uI4MjQjzysHB1zxuWL50hzaeXiw==}
    engines: {node: '>= 0.6'}

  minio@8.0.2:
    resolution: {integrity: sha512-7ipWbtgzzboctf+McK+2cXwCrNOhuboTA/O1g9iWa0gH8R4GkeyFWwk12aVDEHdzjPiG8wxnjwfHS7pgraKuHw==}
    engines: {node: ^16 || ^18 || >=20}

  ms@2.1.3:
    resolution: {integrity: sha512-6FlzubTLZG3J2a/NVCAleEhjzq5oxgHyaCU9yYXvcLsvoVaHJq/s5xXI6/XXP6tz7R9xAOtHnSO/tXtF3WRTlA==}

  oxc-resolver@1.12.0:
    resolution: {integrity: sha512-YlaCIArvWNKCWZFRrMjhh2l5jK80eXnpYP+bhRc1J/7cW3TiyEY0ngJo73o/5n8hA3+4yLdTmXLNTQ3Ncz50LQ==}

  pirates@4.0.6:
    resolution: {integrity: sha512-saLsH7WeYYPiD25LDuLRRY/i+6HaPYr6G1OUlN39otzkSTxKnubR9RTxS3/Kk50s1g2JTgFwWQDQyplC5/SHZg==}
    engines: {node: '>= 6'}

  possible-typed-array-names@1.0.0:
    resolution: {integrity: sha512-d7Uw+eZoloe0EHDIYoe+bQ5WXnGMOpmiZFTuMWCwpjzzkL2nTjcKiAk4hh8TjnGye2TwWOk3UXucZ+3rbmBa8Q==}
    engines: {node: '>= 0.4'}

  query-string@7.1.3:
    resolution: {integrity: sha512-hh2WYhq4fi8+b+/2Kg9CEge4fDPvHS534aOOvOZeQ3+Vf2mCFsaFBYj0i+iXcAq6I9Vzp5fjMFBlONvayDC1qg==}
    engines: {node: '>=6'}

  readable-stream@3.6.2:
    resolution: {integrity: sha512-9u/sniCrY3D5WdsERHzHE4G2YCXqoG5FTHUiCC4SIbr6XcLZBY05ya9EKjYek9O5xOAwjGq+1JdGBAS7Q9ScoA==}
    engines: {node: '>= 6'}

  safe-buffer@5.2.1:
    resolution: {integrity: sha512-rp3So07KcdmmKbGvgaNxQSJr7bGVSVk5S9Eq1F+ppbRo70+YeaDxkw5Dd8NPN+GD6bjnYm2VuPuCXmpuYvmCXQ==}

  sax@1.4.1:
    resolution: {integrity: sha512-+aWOz7yVScEGoKNd4PA10LZ8sk0A/z5+nXQG5giUO5rprX9jgYsTdov9qCchZiPIZezbZH+jRut8nPodFAX4Jg==}

  set-function-length@1.2.2:
    resolution: {integrity: sha512-pgRc4hJ4/sNjWCSS9AmnS40x3bNMDTknHgL5UaMBTMyJnU90EgWh1Rz+MC9eFu4BuN/UwZjKQuY/1v3rM7HMfg==}
    engines: {node: '>= 0.4'}

  source-map-support@0.5.21:
    resolution: {integrity: sha512-uBHU3L3czsIyYXKX88fdrGovxdSCoTGDRZ6SYXtSRxLZUzHg5P/66Ht6uoUlHu9EZod+inXhKo3qQgwXUT/y1w==}

  source-map@0.6.1:
    resolution: {integrity: sha512-UjgapumWlbMhkBgzT7Ykc5YXUT46F0iKu8SGXq0bcwP5dz/h0Plj6enJqjz1Zbq2l5WaqYnrVbwWOWMyF3F47g==}
    engines: {node: '>=0.10.0'}

  split-on-first@1.1.0:
    resolution: {integrity: sha512-43ZssAJaMusuKWL8sKUBQXHWOpq8d6CfN/u1p4gUzfJkM05C8rxTmYrkIPTXapZpORA6LkkzcUulJ8FqA7Uudw==}
    engines: {node: '>=6'}

  stream-chain@2.2.5:
    resolution: {integrity: sha512-1TJmBx6aSWqZ4tx7aTpBDXK0/e2hhcNSTV8+CbFJtDjbb+I1mZ8lHit0Grw9GRT+6JbIrrDd8esncgBi8aBXGA==}

  stream-json@1.9.0:
    resolution: {integrity: sha512-TqnfW7hRTKje7UobBzXZJ2qOEDJvdcSVgVIK/fopC03xINFuFqQs8RVjyDT4ry7TmOo2ueAXwpXXXG4tNgtvoQ==}

  strict-uri-encode@2.0.0:
    resolution: {integrity: sha512-QwiXZgpRcKkhTj2Scnn++4PKtWsH0kpzZ62L2R6c/LUVYv7hVnZqcg2+sMuT6R7Jusu1vviK/MFsu6kNJfWlEQ==}
    engines: {node: '>=4'}

  string_decoder@1.3.0:
    resolution: {integrity: sha512-hkRX8U1WjJFd8LsDJ2yQ/wWWxaopEsABU1XfkM8A+j0+85JAGppt16cr1Whg6KIbb4okU6Mql6BOj+uup/wKeA==}

  strnum@1.0.5:
    resolution: {integrity: sha512-J8bbNyKKXl5qYcR36TIO8W3mVGVHrmmxsd5PAItGkmyzwJvybiw2IVq5nqd0i4LSNSkB/sx9VHllbfFdr9k1JA==}

  through2@4.0.2:
    resolution: {integrity: sha512-iOqSav00cVxEEICeD7TjLB1sueEL+81Wpzp2bY17uZjZN0pWZPuo4suZ/61VujxmqSGFfgOcNuTZ85QJwNZQpw==}

  tslib@2.8.0:
    resolution: {integrity: sha512-jWVzBLplnCmoaTr13V9dYbiQ99wvZRd0vNWaDRg+aVYRcjDF3nDksxFDE/+fkXnKhpnUUkmx5pK/v8mCtLVqZA==}

  typescript@5.6.3:
    resolution: {integrity: sha512-hjcS1mhfuyi4WW8IWtjP7brDrG2cuDZukyrYrSauoXGNgx0S7zceP07adYkJycEr56BOUTNPzbInooiN3fn1qw==}
    engines: {node: '>=14.17'}
    hasBin: true

  util-deprecate@1.0.2:
    resolution: {integrity: sha512-EPD5q1uXyFxJpCrLnCc1nHnq3gOa6DZBocAIiI2TaSCA7VCJ1UJDMagCzIkXNsUYfD1daK//LTEQ8xiIbrHtcw==}

  util@0.12.5:
    resolution: {integrity: sha512-kZf/K6hEIrWHI6XqOFUiiMa+79wE/D8Q+NCNAWclkyg3b4d2k7s0QGepNjiABc+aR3N1PAyHL7p6UcLY6LmrnA==}

  web-encoding@1.1.5:
    resolution: {integrity: sha512-HYLeVCdJ0+lBYV2FvNZmv3HJ2Nt0QYXqZojk3d9FJOLkwnuhzM9tmamh8d7HPM8QqjKH8DeHkFTx+CFlWpZZDA==}

  which-typed-array@1.1.15:
    resolution: {integrity: sha512-oV0jmFtUky6CXfkqehVvBP/LSWJ2sy4vWMioiENyJLePrBO/yKyV9OyJySfAKosh+RYkIl5zJCNZ8/4JncrpdA==}
    engines: {node: '>= 0.4'}

  xml2js@0.6.2:
    resolution: {integrity: sha512-T4rieHaC1EXcES0Kxxj4JWgaUQHDk+qwHcYOCFHfiwKz7tOVPLq7Hjq9dM1WCMhylqMEfP7hMcOIChvotiZegA==}
    engines: {node: '>=4.0.0'}

  xmlbuilder@11.0.1:
    resolution: {integrity: sha512-fDlsI/kFEx7gLvbecc0/ohLG50fugQp8ryHzMTuW9vSa1GJ0XYWKnhsUx7oie3G98+r56aTQIUB4kht42R3JvA==}
    engines: {node: '>=4.0'}

snapshots:

  '@emnapi/core@1.3.1':
    dependencies:
      '@emnapi/wasi-threads': 1.0.1
      tslib: 2.8.0
    optional: true

  '@emnapi/runtime@1.3.1':
    dependencies:
      tslib: 2.8.0
    optional: true

  '@emnapi/wasi-threads@1.0.1':
    dependencies:
      tslib: 2.8.0
    optional: true

  '@napi-rs/wasm-runtime@0.2.5':
    dependencies:
      '@emnapi/core': 1.3.1
      '@emnapi/runtime': 1.3.1
      '@tybys/wasm-util': 0.9.0
    optional: true

  '@oxc-resolver/binding-darwin-arm64@1.12.0':
    optional: true

  '@oxc-resolver/binding-darwin-x64@1.12.0':
    optional: true

  '@oxc-resolver/binding-freebsd-x64@1.12.0':
    optional: true

  '@oxc-resolver/binding-linux-arm-gnueabihf@1.12.0':
    optional: true

  '@oxc-resolver/binding-linux-arm64-gnu@1.12.0':
    optional: true

  '@oxc-resolver/binding-linux-arm64-musl@1.12.0':
    optional: true

  '@oxc-resolver/binding-linux-x64-gnu@1.12.0':
    optional: true

  '@oxc-resolver/binding-linux-x64-musl@1.12.0':
    optional: true

  '@oxc-resolver/binding-wasm32-wasi@1.12.0':
    dependencies:
      '@napi-rs/wasm-runtime': 0.2.5
    optional: true

  '@oxc-resolver/binding-win32-arm64-msvc@1.12.0':
    optional: true

  '@oxc-resolver/binding-win32-x64-msvc@1.12.0':
    optional: true

  '@swc-node/core@1.13.3(@swc/core@1.7.42)(@swc/types@0.1.12)':
    dependencies:
      '@swc/core': 1.7.42
      '@swc/types': 0.1.12

  '@swc-node/register@1.10.9(@swc/core@1.7.42)(@swc/types@0.1.12)(typescript@5.6.3)':
    dependencies:
      '@swc-node/core': 1.13.3(@swc/core@1.7.42)(@swc/types@0.1.12)
      '@swc-node/sourcemap-support': 0.5.1
      '@swc/core': 1.7.42
      colorette: 2.0.20
      debug: 4.3.7
      oxc-resolver: 1.12.0
      pirates: 4.0.6
      tslib: 2.8.0
      typescript: 5.6.3
    transitivePeerDependencies:
      - '@swc/types'
      - supports-color

  '@swc-node/sourcemap-support@0.5.1':
    dependencies:
      source-map-support: 0.5.21
      tslib: 2.8.0

  '@swc/core-darwin-arm64@1.7.42':
    optional: true

  '@swc/core-darwin-x64@1.7.42':
    optional: true

  '@swc/core-linux-arm-gnueabihf@1.7.42':
    optional: true

  '@swc/core-linux-arm64-gnu@1.7.42':
    optional: true

  '@swc/core-linux-arm64-musl@1.7.42':
    optional: true

  '@swc/core-linux-x64-gnu@1.7.42':
    optional: true

  '@swc/core-linux-x64-musl@1.7.42':
    optional: true

  '@swc/core-win32-arm64-msvc@1.7.42':
    optional: true

  '@swc/core-win32-ia32-msvc@1.7.42':
    optional: true

  '@swc/core-win32-x64-msvc@1.7.42':
    optional: true

  '@swc/core@1.7.42':
    dependencies:
      '@swc/counter': 0.1.3
      '@swc/types': 0.1.13
    optionalDependencies:
      '@swc/core-darwin-arm64': 1.7.42
      '@swc/core-darwin-x64': 1.7.42
      '@swc/core-linux-arm-gnueabihf': 1.7.42
      '@swc/core-linux-arm64-gnu': 1.7.42
      '@swc/core-linux-arm64-musl': 1.7.42
      '@swc/core-linux-x64-gnu': 1.7.42
      '@swc/core-linux-x64-musl': 1.7.42
      '@swc/core-win32-arm64-msvc': 1.7.42
      '@swc/core-win32-ia32-msvc': 1.7.42
      '@swc/core-win32-x64-msvc': 1.7.42

  '@swc/counter@0.1.3': {}

  '@swc/types@0.1.12':
    dependencies:
      '@swc/counter': 0.1.3

  '@swc/types@0.1.13':
    dependencies:
      '@swc/counter': 0.1.3

  '@tybys/wasm-util@0.9.0':
    dependencies:
      tslib: 2.8.0
    optional: true

  '@zxing/text-encoding@0.9.0':
    optional: true

  async@3.2.6: {}

  available-typed-arrays@1.0.7:
    dependencies:
      possible-typed-array-names: 1.0.0

  block-stream2@2.1.0:
    dependencies:
      readable-stream: 3.6.2

  browser-or-node@2.1.1: {}

  buffer-crc32@1.0.0: {}

  buffer-from@1.1.2: {}

  call-bind@1.0.7:
    dependencies:
      es-define-property: 1.0.0
      es-errors: 1.3.0
      function-bind: 1.1.2
      get-intrinsic: 1.2.4
      set-function-length: 1.2.2

  colorette@2.0.20: {}

  debug@4.3.7:
    dependencies:
      ms: 2.1.3

  decode-uri-component@0.2.2: {}

  define-data-property@1.1.4:
    dependencies:
      es-define-property: 1.0.0
      es-errors: 1.3.0
      gopd: 1.0.1

  es-define-property@1.0.0:
    dependencies:
      get-intrinsic: 1.2.4

  es-errors@1.3.0: {}

  eventemitter3@5.0.1: {}

  fast-xml-parser@4.5.0:
    dependencies:
      strnum: 1.0.5

  filter-obj@1.1.0: {}

  for-each@0.3.3:
    dependencies:
      is-callable: 1.2.7

  function-bind@1.1.2: {}

  get-intrinsic@1.2.4:
    dependencies:
      es-errors: 1.3.0
      function-bind: 1.1.2
      has-proto: 1.0.3
      has-symbols: 1.0.3
      hasown: 2.0.2

  gopd@1.0.1:
    dependencies:
      get-intrinsic: 1.2.4

  has-property-descriptors@1.0.2:
    dependencies:
      es-define-property: 1.0.0

  has-proto@1.0.3: {}

  has-symbols@1.0.3: {}

  has-tostringtag@1.0.2:
    dependencies:
      has-symbols: 1.0.3

  hasown@2.0.2:
    dependencies:
      function-bind: 1.1.2

  inherits@2.0.4: {}

  ipaddr.js@2.2.0: {}

  is-arguments@1.1.1:
    dependencies:
      call-bind: 1.0.7
      has-tostringtag: 1.0.2

  is-callable@1.2.7: {}

  is-generator-function@1.0.10:
    dependencies:
      has-tostringtag: 1.0.2

  is-typed-array@1.1.13:
    dependencies:
      which-typed-array: 1.1.15

  lodash@4.17.21: {}

  mime-db@1.52.0: {}

  mime-types@2.1.35:
    dependencies:
      mime-db: 1.52.0

  minio@8.0.2:
    dependencies:
      async: 3.2.6
      block-stream2: 2.1.0
      browser-or-node: 2.1.1
      buffer-crc32: 1.0.0
      eventemitter3: 5.0.1
      fast-xml-parser: 4.5.0
      ipaddr.js: 2.2.0
      lodash: 4.17.21
      mime-types: 2.1.35
      query-string: 7.1.3
      stream-json: 1.9.0
      through2: 4.0.2
      web-encoding: 1.1.5
      xml2js: 0.6.2

  ms@2.1.3: {}

  oxc-resolver@1.12.0:
    optionalDependencies:
      '@oxc-resolver/binding-darwin-arm64': 1.12.0
      '@oxc-resolver/binding-darwin-x64': 1.12.0
      '@oxc-resolver/binding-freebsd-x64': 1.12.0
      '@oxc-resolver/binding-linux-arm-gnueabihf': 1.12.0
      '@oxc-resolver/binding-linux-arm64-gnu': 1.12.0
      '@oxc-resolver/binding-linux-arm64-musl': 1.12.0
      '@oxc-resolver/binding-linux-x64-gnu': 1.12.0
      '@oxc-resolver/binding-linux-x64-musl': 1.12.0
      '@oxc-resolver/binding-wasm32-wasi': 1.12.0
      '@oxc-resolver/binding-win32-arm64-msvc': 1.12.0
      '@oxc-resolver/binding-win32-x64-msvc': 1.12.0

  pirates@4.0.6: {}

  possible-typed-array-names@1.0.0: {}

  query-string@7.1.3:
    dependencies:
      decode-uri-component: 0.2.2
      filter-obj: 1.1.0
      split-on-first: 1.1.0
      strict-uri-encode: 2.0.0

  readable-stream@3.6.2:
    dependencies:
      inherits: 2.0.4
      string_decoder: 1.3.0
      util-deprecate: 1.0.2

  safe-buffer@5.2.1: {}

  sax@1.4.1: {}

  set-function-length@1.2.2:
    dependencies:
      define-data-property: 1.1.4
      es-errors: 1.3.0
      function-bind: 1.1.2
      get-intrinsic: 1.2.4
      gopd: 1.0.1
      has-property-descriptors: 1.0.2

  source-map-support@0.5.21:
    dependencies:
      buffer-from: 1.1.2
      source-map: 0.6.1

  source-map@0.6.1: {}

  split-on-first@1.1.0: {}

  stream-chain@2.2.5: {}

  stream-json@1.9.0:
    dependencies:
      stream-chain: 2.2.5

  strict-uri-encode@2.0.0: {}

  string_decoder@1.3.0:
    dependencies:
      safe-buffer: 5.2.1

  strnum@1.0.5: {}

  through2@4.0.2:
    dependencies:
      readable-stream: 3.6.2

  tslib@2.8.0: {}

  typescript@5.6.3: {}

  util-deprecate@1.0.2: {}

  util@0.12.5:
    dependencies:
      inherits: 2.0.4
      is-arguments: 1.1.1
      is-generator-function: 1.0.10
      is-typed-array: 1.1.13
      which-typed-array: 1.1.15

  web-encoding@1.1.5:
    dependencies:
      util: 0.12.5
    optionalDependencies:
      '@zxing/text-encoding': 0.9.0

  which-typed-array@1.1.15:
    dependencies:
      available-typed-arrays: 1.0.7
      call-bind: 1.0.7
      for-each: 0.3.3
      gopd: 1.0.1
      has-tostringtag: 1.0.2

  xml2js@0.6.2:
    dependencies:
      sax: 1.4.1
      xmlbuilder: 11.0.1

  xmlbuilder@11.0.1: {}
